// !$*UTF8*$!
{
	archiveVersion = 1;
	classes = {
	};
	objectVersion = 46;
	objects = {

/* Begin PBXBuildFile section */
		BD4409031D816A5800002D71 /* main.m in Sources */ = {isa = PBXBuildFile; fileRef = BD4409021D816A5800002D71 /* main.m */; };
		BD4409061D816A5800002D71 /* AppDelegate.m in Sources */ = {isa = PBXBuildFile; fileRef = BD4409051D816A5800002D71 /* AppDelegate.m */; };
		BD4409091D816A5800002D71 /* ViewController.m in Sources */ = {isa = PBXBuildFile; fileRef = BD4409081D816A5800002D71 /* ViewController.m */; };
		BD44090C1D816A5800002D71 /* Main.storyboard in Resources */ = {isa = PBXBuildFile; fileRef = BD44090A1D816A5800002D71 /* Main.storyboard */; };
		BD44090E1D816A5800002D71 /* Assets.xcassets in Resources */ = {isa = PBXBuildFile; fileRef = BD44090D1D816A5800002D71 /* Assets.xcassets */; };
		BD4409111D816A5800002D71 /* LaunchScreen.storyboard in Resources */ = {isa = PBXBuildFile; fileRef = BD44090F1D816A5800002D71 /* LaunchScreen.storyboard */; };
/* End PBXBuildFile section */

/* Begin PBXFileReference section */
		BD4408FE1D816A5800002D71 /* CJSimpleView.app */ = {isa = PBXFileReference; explicitFileType = wrapper.application; includeInIndex = 0; path = CJSimpleView.app; sourceTree = BUILT_PRODUCTS_DIR; };
		BD4409021D816A5800002D71 /* main.m */ = {isa = PBXFileReference; lastKnownFileType = sourcecode.c.objc; path = main.m; sourceTree = "<group>"; };
		BD4409041D816A5800002D71 /* AppDelegate.h */ = {isa = PBXFileReference; lastKnownFileType = sourcecode.c.h; path = AppDelegate.h; sourceTree = "<group>"; };
		BD4409051D816A5800002D71 /* AppDelegate.m */ = {isa = PBXFileReference; lastKnownFileType = sourcecode.c.objc; path = AppDelegate.m; sourceTree = "<group>"; };
		BD4409071D816A5800002D71 /* ViewController.h */ = {isa = PBXFileReference; lastKnownFileType = sourcecode.c.h; path = ViewController.h; sourceTree = "<group>"; };
		BD4409081D816A5800002D71 /* ViewController.m */ = {isa = PBXFileReference; lastKnownFileType = sourcecode.c.objc; path = ViewController.m; sourceTree = "<group>"; };
		BD44090B1D816A5800002D71 /* Base */ = {isa = PBXFileReference; lastKnownFileType = file.storyboard; name = Base; path = Base.lproj/Main.storyboard; sourceTree = "<group>"; };
		BD44090D1D816A5800002D71 /* Assets.xcassets */ = {isa = PBXFileReference; lastKnownFileType = folder.assetcatalog; path = Assets.xcassets; sourceTree = "<group>"; };
		BD4409101D816A5800002D71 /* Base */ = {isa = PBXFileReference; lastKnownFileType = file.storyboard; name = Base; path = Base.lproj/LaunchScreen.storyboard; sourceTree = "<group>"; };
		BD4409121D816A5800002D71 /* Info.plist */ = {isa = PBXFileReference; lastKnownFileType = text.plist.xml; path = Info.plist; sourceTree = "<group>"; };
/* End PBXFileReference section */

/* Begin PBXFrameworksBuildPhase section */
		BD4408FB1D816A5800002D71 /* Frameworks */ = {
			isa = PBXFrameworksBuildPhase;
			buildActionMask = 2147483647;
			files = (
			);
			runOnlyForDeploymentPostprocessing = 0;
		};
/* End PBXFrameworksBuildPhase section */

/* Begin PBXGroup section */
		BD4408F51D816A5800002D71 = {
			isa = PBXGroup;
			children = (
				BD4409001D816A5800002D71 /* CJSimpleView */,
				BD4408FF1D816A5800002D71 /* Products */,
			);
			sourceTree = "<group>";
		};
		BD4408FF1D816A5800002D71 /* Products */ = {
			isa = PBXGroup;
			children = (
				BD4408FE1D816A5800002D71 /* CJSimpleView.app */,
			);
			name = Products;
			sourceTree = "<group>";
		};
		BD4409001D816A5800002D71 /* CJSimpleView */ = {
			isa = PBXGroup;
			children = (
				BD4409041D816A5800002D71 /* AppDelegate.h */,
				BD4409051D816A5800002D71 /* AppDelegate.m */,
				BD4409071D816A5800002D71 /* ViewController.h */,
				BD4409081D816A5800002D71 /* ViewController.m */,
				BD44090A1D816A5800002D71 /* Main.storyboard */,
				BD44090D1D816A5800002D71 /* Assets.xcassets */,
				BD44090F1D816A5800002D71 /* LaunchScreen.storyboard */,
				BD4409121D816A5800002D71 /* Info.plist */,
				BD4409011D816A5800002D71 /* Supporting Files */,
			);
			path = CJSimpleView;
			sourceTree = "<group>";
		};
		BD4409011D816A5800002D71 /* Supporting Files */ = {
			isa = PBXGroup;
			children = (
				BD4409021D816A5800002D71 /* main.m */,
			);
			name = "Supporting Files";
			sourceTree = "<group>";
		};
/* End PBXGroup section */

/* Begin PBXNativeTarget section */
		BD4408FD1D816A5800002D71 /* CJSimpleView */ = {
			isa = PBXNativeTarget;
			buildConfigurationList = BD4409151D816A5800002D71 /* Build configuration list for PBXNativeTarget "CJSimpleView" */;
			buildPhases = (
				BD4408FA1D816A5800002D71 /* Sources */,
				BD4408FB1D816A5800002D71 /* Frameworks */,
				BD4408FC1D816A5800002D71 /* Resources */,
			);
			buildRules = (
			);
			dependencies = (
			);
			name = CJSimpleView;
			productName = CJSimpleView;
			productReference = BD4408FE1D816A5800002D71 /* CJSimpleView.app */;
			productType = "com.apple.product-type.application";
		};
/* End PBXNativeTarget section */

/* Begin PBXProject section */
		BD4408F61D816A5800002D71 /* Project object */ = {
			isa = PBXProject;
			attributes = {
				LastUpgradeCheck = 0730;
				ORGANIZATIONNAME = WHBK;
				TargetAttributes = {
					BD4408FD1D816A5800002D71 = {
						CreatedOnToolsVersion = 7.3;
					};
				};
			};
			buildConfigurationList = BD4408F91D816A5800002D71 /* Build configuration list for PBXProject "CJSimpleView" */;
			compatibilityVersion = "Xcode 3.2";
			developmentRegion = English;
			hasScannedForEncodings = 0;
			knownRegions = (
				en,
				Base,
			);
			mainGroup = BD4408F51D816A5800002D71;
			productRefGroup = BD4408FF1D816A5800002D71 /* Products */;
			projectDirPath = "";
			projectRoot = "";
			targets = (
				BD4408FD1D816A5800002D71 /* CJSimpleView */,
			);
		};
/* End PBXProject section */

/* Begin PBXResourcesBuildPhase section */
		BD4408FC1D816A5800002D71 /* Resources */ = {
			isa = PBXResourcesBuildPhase;
			buildActionMask = 2147483647;
			files = (
				BD4409111D816A5800002D71 /* LaunchScreen.storyboard in Resources */,
				BD44090E1D816A5800002D71 /* Assets.xcassets in Resources */,
				BD44090C1D816A5800002D71 /* Main.storyboard in Resources */,
			);
			runOnlyForDeploymentPostprocessing = 0;
		};
/* End PBXResourcesBuildPhase section */

/* Begin PBXSourcesBuildPhase section */
		BD4408FA1D816A5800002D71 /* Sources */ = {
			isa = PBXSourcesBuildPhase;
			buildActionMask = 2147483647;
			files = (
				BD4409091D816A5800002D71 /* ViewController.m in Sources */,
				BD4409061D816A5800002D71 /* AppDelegate.m in Sources */,
				BD4409031D816A5800002D71 /* main.m in Sources */,
			);
			runOnlyForDeploymentPostprocessing = 0;
		};
/* End PBXSourcesBuildPhase section */

/* Begin PBXVariantGroup section */
		BD44090A1D816A5800002D71 /* Main.storyboard */ = {
			isa = PBXVariantGroup;
			children = (
				BD44090B1D816A5800002D71 /* Base */,
			);
			name = Main.storyboard;
			sourceTree = "<group>";
		};
		BD44090F1D816A5800002D71 /* LaunchScreen.storyboard */ = {
			isa = PBXVariantGroup;
			children = (
				BD4409101D816A5800002D71 /* Base */,
			);
			name = LaunchScreen.storyboard;
			sourceTree = "<group>";
		};
/* End PBXVariantGroup section */

/* Begin XCBuildConfiguration section */
		BD4409131D816A5800002D71 /* Debug */ = {
			isa = XCBuildConfiguration;
			buildSettings = {
				ALWAYS_SEARCH_USER_PATHS = NO;
				CLANG_ANALYZER_NONNULL = YES;
				CLANG_CXX_LANGUAGE_STANDARD = "gnu++0x";
				CLANG_CXX_LIBRARY = "libc++";
				CLANG_ENABLE_MODULES = YES;
				CLANG_ENABLE_OBJC_ARC = YES;
				CLANG_WARN_BOOL_CONVERSION = YES;
				CLANG_WARN_CONSTANT_CONVERSION = YES;
				CLANG_WARN_DIRECT_OBJC_ISA_USAGE = YES_ERROR;
				CLANG_WARN_EMPTY_BODY = YES;
				CLANG_WARN_ENUM_CONVERSION = YES;
				CLANG_WARN_INT_CONVERSION = YES;
				CLANG_WARN_OBJC_ROOT_CLASS = YES_ERROR;
				CLANG_WARN_UNREACHABLE_CODE = YES;
				CLANG_WARN__DUPLICATE_METHOD_MATCH = YES;
				"CODE_SIGN_IDENTITY[sdk=iphoneos*]" = "iPhone Developer";
				COPY_PHASE_STRIP = NO;
				DEBUG_INFORMATION_FORMAT = dwarf;
				ENABLE_STRICT_OBJC_MSGSEND = YES;
				ENABLE_TESTABILITY = YES;
				GCC_C_LANGUAGE_STANDARD = gnu99;
				GCC_DYNAMIC_NO_PIC = NO;
				GCC_NO_COMMON_BLOCKS = YES;
				GCC_OPTIMIZATION_LEVEL = 0;
				GCC_PREPROCESSOR_DEFINITIONS = (
					"DEBUG=1",
					"$(inherited)",
				);
				GCC_WARN_64_TO_32_BIT_CONVERSION = YES;
				GCC_WARN_ABOUT_RETURN_TYPE = YES_ERROR;
				GCC_WARN_UNDECLARED_SELECTOR = YES;
				GCC_WARN_UNINITIALIZED_AUTOS = YES_AGGRESSIVE;
				GCC_WARN_UNUSED_FUNCTION = YES;
				GCC_WARN_UNUSED_VARIABLE = YES;
				IPHONEOS_DEPLOYMENT_TARGET = 9.3;
				MTL_ENABLE_DEBUG_INFO = YES;
				ONLY_ACTIVE_ARCH = YES;
				SDKROOT = iphoneos;
			};
			name = Debug;
		};
		BD4409141D816A5800002D71 /* Release */ = {
			isa = XCBuildConfiguration;
			buildSettings = {
				ALWAYS_SEARCH_USER_PATHS = NO;
				CLANG_ANALYZER_NONNULL = YES;
				CLANG_CXX_LANGUAGE_STANDARD = "gnu++0x";
				CLANG_CXX_LIBRARY = "libc++";
				CLANG_ENABLE_MODULES = YES;
				CLANG_ENABLE_OBJC_ARC = YES;
				CLANG_WARN_BOOL_CONVERSION = YES;
				CLANG_WARN_CONSTANT_CONVERSION = YES;
				CLANG_WARN_DIRECT_OBJC_ISA_USAGE = YES_ERROR;
				CLANG_WARN_EMPTY_BODY = YES;
				CLANG_WARN_ENUM_CONVERSION = YES;
				CLANG_WARN_INT_CONVERSION = YES;
				CLANG_WARN_OBJC_ROOT_CLASS = YES_ERROR;
				CLANG_WARN_UNREACHABLE_CODE = YES;
				CLANG_WARN__DUPLICATE_METHOD_MATCH = YES;
				"CODE_SIGN_IDENTITY[sdk=iphoneos*]" = "iPhone Developer";
				COPY_PHASE_STRIP = NO;
				DEBUG_INFORMATION_FORMAT = "dwarf-with-dsym";
				ENABLE_NS_ASSERTIONS = NO;
				ENABLE_STRICT_OBJC_MSGSEND = YES;
				GCC_C_LANGUAGE_STANDARD = gnu99;
				GCC_NO_COMMON_BLOCKS = YES;
				GCC_WARN_64_TO_32_BIT_CONVERSION = YES;
				GCC_WARN_ABOUT_RETURN_TYPE = YES_ERROR;
				GCC_WARN_UNDECLARED_SELECTOR = YES;
				GCC_WARN_UNINITIALIZED_AUTOS = YES_AGGRESSIVE;
				GCC_WARN_UNUSED_FUNCTION = YES;
				GCC_WARN_UNUSED_VARIABLE = YES;
				IPHONEOS_DEPLOYMENT_TARGET = 9.3;
				MTL_ENABLE_DEBUG_INFO = NO;
				SDKROOT = iphoneos;
				VALIDATE_PRODUCT = YES;
			};
			name = Release;
		};
		BD4409161D816A5800002D71 /* Debug */ = {
			isa = XCBuildConfiguration;
			buildSettings = {
				ASSETCATALOG_COMPILER_APPICON_NAME = AppIcon;
				INFOPLIST_FILE = CJSimpleView/Info.plist;
				LD_RUNPATH_SEARCH_PATHS = "$(inherited) @executable_path/Frameworks";
				PRODUCT_BUNDLE_IDENTIFIER = com.paykee.jingcai.CJSimpleView;
				PRODUCT_NAME = "$(TARGET_NAME)";
			};
			name = Debug;
		};
		BD4409171D816A5800002D71 /* Release */ = {
			isa = XCBuildConfiguration;
			buildSettings = {
				ASSETCATALOG_COMPILER_APPICON_NAME = AppIcon;
				INFOPLIST_FILE = CJSimpleView/Info.plist;
				LD_RUNPATH_SEARCH_PATHS = "$(inherited) @executable_path/Frameworks";
				PRODUCT_BUNDLE_IDENTIFIER = com.paykee.jingcai.CJSimpleView;
				PRODUCT_NAME = "$(TARGET_NAME)";
			};
			name = Release;
		};
/* End XCBuildConfiguration section */

/* Begin XCConfigurationList section */
		BD4408F91D816A5800002D71 /* Build configuration list for PBXProject "CJSimpleView" */ = {
			isa = XCConfigurationList;
			buildConfigurations = (
				BD4409131D816A5800002D71 /* Debug */,
				BD4409141D816A5800002D71 /* Release */,
			);
			defaultConfigurationIsVisible = 0;
			defaultConfigurationName = Release;
		};
		BD4409151D816A5800002D71 /* Build configuration list for PBXNativeTarget "CJSimpleView" */ = {
			isa = XCConfigurationList;
			buildConfigurations = (
				BD4409161D816A5800002D71 /* Debug */,
				BD4409171D816A5800002D71 /* Release */,
			);
			defaultConfigurationIsVisible = 0;
		};
/* End XCConfigurationList section */
	};
	rootObject = BD4408F61D816A5800002D71 /* Project object */;
}
